{
  "name": "carbon-copy",
  "version": "0.1.45",
  "lockfileVersion": 1,
  "requires": true,
  "dependencies": {
    "@webcomponents/webcomponentsjs": {
      "version": "2.3.0",
      "resolved": "https://registry.npmjs.org/@webcomponents/webcomponentsjs/-/webcomponentsjs-2.3.0.tgz",
      "integrity": "sha512-sR6FOrNnnncRuoJDqq9QxtRsJMbIvASw4vnJwIYKVlKO3AMc+NAr/bIQNnUiTTE9pBDTJkFpVaUdjJaRdsjmyA==",
      "dev": true
    },
    "buffer-from": {
      "version": "1.1.1",
      "resolved": "https://registry.npmjs.org/buffer-from/-/buffer-from-1.1.1.tgz",
      "integrity": "sha512-MQcXEUbCKtEo7bhqEs6560Hyd4XaovZlO/k9V3hjVUF/zwW7KBVdSK4gIt/bzwS9MbR5qob+F5jusZsb0YQK2A==",
      "dev": true
    },
    "commander": {
      "version": "2.17.1",
      "resolved": "https://registry.npmjs.org/commander/-/commander-2.17.1.tgz",
      "integrity": "sha512-wPMUt6FnH2yzG95SA6mzjQOEKUU3aLaDEmzs1ti+1E9h+CsrZghRlqEM/EJ4KscsQVG8uNN4uVreUeT8+drlgg==",
      "dev": true
    },
    "event-switch": {
      "version": "0.0.12",
      "resolved": "https://registry.npmjs.org/event-switch/-/event-switch-0.0.12.tgz",
      "integrity": "sha512-T4ZNewAhMsLkurklQwzznYsz7MHqhriwZHxYFLRHY+TfIbSTAOoB1IO4QibezD2D7HEdQnIb99v+eSV2N4KIbg=="
    },
    "jiife": {
      "version": "0.0.14",
      "resolved": "https://registry.npmjs.org/jiife/-/jiife-0.0.14.tgz",
      "integrity": "sha512-8U0kzwWd/3CEOENPOI3qtvYqcaw/IWaR1avADrTw3WUA0OUza0KAFvVfD1lMwDecFW+TOuHV98y2t7BjXWscMQ==",
      "dev": true,
      "requires": {
        "terser": "3.11.0"
      }
    },
    "source-map": {
      "version": "0.6.1",
      "resolved": "https://registry.npmjs.org/source-map/-/source-map-0.6.1.tgz",
      "integrity": "sha512-UjgapumWlbMhkBgzT7Ykc5YXUT46F0iKu8SGXq0bcwP5dz/h0Plj6enJqjz1Zbq2l5WaqYnrVbwWOWMyF3F47g==",
      "dev": true
    },
    "source-map-support": {
      "version": "0.5.13",
      "resolved": "https://registry.npmjs.org/source-map-support/-/source-map-support-0.5.13.tgz",
      "integrity": "sha512-SHSKFHadjVA5oR4PPqhtAVdcBWwRYVd6g6cAXnIbRiIwc2EhPrTuKUBdSLvlEKyIP3GCf89fltvcZiP9MMFA1w==",
      "dev": true,
      "requires": {
        "buffer-from": "^1.0.0",
        "source-map": "^0.6.0"
      }
    },
    "terser": {
      "version": "3.11.0",
      "resolved": "https://registry.npmjs.org/terser/-/terser-3.11.0.tgz",
      "integrity": "sha512-5iLMdhEPIq3zFWskpmbzmKwMQixKmTYwY3Ox9pjtSklBLnHiuQ0GKJLhL1HSYtyffHM3/lDIFBnb82m9D7ewwQ==",
      "dev": true,
      "requires": {
        "commander": "~2.17.1",
        "source-map": "~0.6.1",
        "source-map-support": "~0.5.6"
      }
    },
    "trans-render": {
      "version": "0.0.135",
      "resolved": "https://registry.npmjs.org/trans-render/-/trans-render-0.0.135.tgz",
      "integrity": "sha512-w/0spfT0d9S6zLsU/lOSkr7nSnXvKgUXDV4Xqgd6P/Fq7fhKWto/vKIwTYS+q40K9R9huvnNEeUdLDA1bKQjTg=="
    },
    "xtal-element": {
      "version": "0.0.86",
      "resolved": "https://registry.npmjs.org/xtal-element/-/xtal-element-0.0.86.tgz",
      "integrity": "sha512-SNlFMrvfHpfWQag/PmRAO1ycr3McIirw29svhMtP7G2B2xmeqbg++IPRvWrIE8Fqsx24PUUXTX5SN4CyyfDlvw==",
      "requires": {
        "event-switch": "0.0.12",
        "trans-render": "0.0.135"
      }
    }
  }
}
